<?xml version="1.0" encoding="utf-8"?>
<Project ToolsVersion="4.0" xmlns="http://schemas.microsoft.com/developer/msbuild/2003">
  <ItemGroup>
    <Filter Include="Source Files">
      <UniqueIdentifier>{4FC737F1-C7A5-4376-A066-2A32D752A2FF}</UniqueIdentifier>
      <Extensions>cpp;c;cc;cxx;c++;cppm;ixx;def;odl;idl;hpj;bat;asm;asmx</Extensions>
    </Filter>
    <Filter Include="Header Files">
      <UniqueIdentifier>{93995380-89BD-4b04-88EB-625FBE52EBFB}</UniqueIdentifier>
      <Extensions>h;hh;hpp;hxx;h++;hm;inl;inc;ipp;xsd</Extensions>
    </Filter>
    <Filter Include="Resource Files">
      <UniqueIdentifier>{67DA6AB6-F800-4c08-8B7A-83BB121AAD01}</UniqueIdentifier>
      <Extensions>rc;ico;cur;bmp;dlg;rc2;rct;bin;rgs;gif;jpg;jpeg;jpe;resx;tiff;tif;png;wav;mfcribbon-ms</Extensions>
    </Filter>
  </ItemGroup>
  <ItemGroup>
    <ClCompile Include="Main.cpp">
      <Filter>Source Files</Filter>
    </ClCompile>
    <ClCompile Include="vendor\imgui\imgui.cpp">
      <Filter>Source Files</Filter>
    </ClCompile>
    <ClCompile Include="vendor\imgui\imgui_demo.cpp">
      <Filter>Source Files</Filter>
    </ClCompile>
    <ClCompile Include="vendor\imgui\imgui_draw.cpp">
      <Filter>Source Files</Filter>
    </ClCompile>
    <ClCompile Include="vendor\imgui\imgui_impl_glfw.cpp">
      <Filter>Source Files</Filter>
    </ClCompile>
    <ClCompile Include="vendor\imgui\imgui_impl_opengl3.cpp">
      <Filter>Source Files</Filter>
    </ClCompile>
    <ClCompile Include="vendor\imgui\imgui_stdlib.cpp">
      <Filter>Source Files</Filter>
    </ClCompile>
    <ClCompile Include="vendor\imgui\imgui_widgets.cpp">
      <Filter>Source Files</Filter>
    </ClCompile>
    <ClCompile Include="vendor\imguizmo\ImGuizmo.cpp">
      <Filter>Source Files</Filter>
    </ClCompile>
    <ClCompile Include="Math\Math.cpp">
      <Filter>Source Files</Filter>
    </ClCompile>
    <ClCompile Include="bvh\Bvh.cpp">
      <Filter>Source Files</Filter>
    </ClCompile>
    <ClCompile Include="bvh\SplitBvh.cpp">
      <Filter>Source Files</Filter>
    </ClCompile>
    <ClCompile Include="Core\Mesh.cpp">
      <Filter>Source Files</Filter>
    </ClCompile>
    <ClCompile Include="Core\Shader.cpp">
      <Filter>Source Files</Filter>
    </ClCompile>
    <ClCompile Include="Core\Texture.cpp">
      <Filter>Source Files</Filter>
    </ClCompile>
    <ClCompile Include="Core\Program.cpp">
      <Filter>Source Files</Filter>
    </ClCompile>
    <ClCompile Include="Core\Camera.cpp">
      <Filter>Source Files</Filter>
    </ClCompile>
    <ClCompile Include="Core\Quad.cpp">
      <Filter>Source Files</Filter>
    </ClCompile>
    <ClCompile Include="Graphics\GfxTexture.cpp">
      <Filter>Source Files</Filter>
    </ClCompile>
    <ClCompile Include="Thread\RunnableThread.cpp">
      <Filter>Source Files</Filter>
    </ClCompile>
    <ClCompile Include="Thread\ThreadEvent.cpp">
      <Filter>Source Files</Filter>
    </ClCompile>
    <ClCompile Include="Thread\TaskThread.cpp">
      <Filter>Source Files</Filter>
    </ClCompile>
    <ClCompile Include="Thread\TaskThreadPool.cpp">
      <Filter>Source Files</Filter>
    </ClCompile>
    <ClCompile Include="Thread\ThreadManager.cpp">
      <Filter>Source Files</Filter>
    </ClCompile>
    <ClCompile Include="Core\Renderer.cpp">
      <Filter>Source Files</Filter>
    </ClCompile>
    <ClCompile Include="Core\Scene.cpp">
      <Filter>Source Files</Filter>
    </ClCompile>
    <ClCompile Include="bvh\BvhTranslator.cpp">
      <Filter>Source Files</Filter>
    </ClCompile>
    <ClCompile Include="vendor\HDRLoader.cpp">
      <Filter>Source Files</Filter>
    </ClCompile>
    <ClCompile Include="vendor\GLBLoader.cpp">
      <Filter>Source Files</Filter>
    </ClCompile>
  </ItemGroup>
  <ItemGroup>
    <ClInclude Include="vendor\imgui\imconfig.h">
      <Filter>Header Files</Filter>
    </ClInclude>
    <ClInclude Include="vendor\imgui\imgui.h">
      <Filter>Header Files</Filter>
    </ClInclude>
    <ClInclude Include="vendor\imgui\imgui_impl_glfw.h">
      <Filter>Header Files</Filter>
    </ClInclude>
    <ClInclude Include="vendor\imgui\imgui_impl_opengl3.h">
      <Filter>Header Files</Filter>
    </ClInclude>
    <ClInclude Include="vendor\imgui\imgui_internal.h">
      <Filter>Header Files</Filter>
    </ClInclude>
    <ClInclude Include="vendor\imgui\imgui_stdlib.h">
      <Filter>Header Files</Filter>
    </ClInclude>
    <ClInclude Include="vendor\imgui\imstb_rectpack.h">
      <Filter>Header Files</Filter>
    </ClInclude>
    <ClInclude Include="vendor\imgui\imstb_textedit.h">
      <Filter>Header Files</Filter>
    </ClInclude>
    <ClInclude Include="vendor\imgui\imstb_truetype.h">
      <Filter>Header Files</Filter>
    </ClInclude>
    <ClInclude Include="vendor\imguizmo\ImGuizmo.h">
      <Filter>Header Files</Filter>
    </ClInclude>
    <ClInclude Include="Math\Math.h">
      <Filter>Header Files</Filter>
    </ClInclude>
    <ClInclude Include="Math\Vector2.h">
      <Filter>Header Files</Filter>
    </ClInclude>
    <ClInclude Include="Math\Vector3.h">
      <Filter>Header Files</Filter>
    </ClInclude>
    <ClInclude Include="Math\Vector4.h">
      <Filter>Header Files</Filter>
    </ClInclude>
    <ClInclude Include="Math\Bounds3D.h">
      <Filter>Header Files</Filter>
    </ClInclude>
    <ClInclude Include="Math\Matrix4x4.h">
      <Filter>Header Files</Filter>
    </ClInclude>
    <ClInclude Include="Math\Quat.h">
      <Filter>Header Files</Filter>
    </ClInclude>
    <ClInclude Include="Math\Axis.h">
      <Filter>Header Files</Filter>
    </ClInclude>
    <ClInclude Include="bvh\Bvh.h">
      <Filter>Header Files</Filter>
    </ClInclude>
    <ClInclude Include="bvh\SplitBvh.h">
      <Filter>Header Files</Filter>
    </ClInclude>
    <ClInclude Include="vendor\tiny_obj_loader.h">
      <Filter>Header Files</Filter>
    </ClInclude>
    <ClInclude Include="vendor\stb_image.h">
      <Filter>Header Files</Filter>
    </ClInclude>
    <ClInclude Include="vendor\stb_image_resize.h">
      <Filter>Header Files</Filter>
    </ClInclude>
    <ClInclude Include="vendor\stb_image_write.h">
      <Filter>Header Files</Filter>
    </ClInclude>
    <ClInclude Include="Core\Mesh.h">
      <Filter>Header Files</Filter>
    </ClInclude>
    <ClInclude Include="Core\Shader.h">
      <Filter>Header Files</Filter>
    </ClInclude>
    <ClInclude Include="Core\Texture.h">
      <Filter>Header Files</Filter>
    </ClInclude>
    <ClInclude Include="Core\ShaderInclude.h">
      <Filter>Header Files</Filter>
    </ClInclude>
    <ClInclude Include="Core\Program.h">
      <Filter>Header Files</Filter>
    </ClInclude>
    <ClInclude Include="Core\Material.h">
      <Filter>Header Files</Filter>
    </ClInclude>
    <ClInclude Include="Core\Camera.h">
      <Filter>Header Files</Filter>
    </ClInclude>
    <ClInclude Include="Core\Light.h">
      <Filter>Header Files</Filter>
    </ClInclude>
    <ClInclude Include="Core\Quad.h">
      <Filter>Header Files</Filter>
    </ClInclude>
    <ClInclude Include="Graphics\GfxTexture.h">
      <Filter>Header Files</Filter>
    </ClInclude>
    <ClInclude Include="Thread\Runnable.h">
      <Filter>Header Files</Filter>
    </ClInclude>
    <ClInclude Include="Thread\RunnableThread.h">
      <Filter>Header Files</Filter>
    </ClInclude>
    <ClInclude Include="Thread\ThreadEvent.h">
      <Filter>Header Files</Filter>
    </ClInclude>
    <ClInclude Include="Thread\ThreadTask.h">
      <Filter>Header Files</Filter>
    </ClInclude>
    <ClInclude Include="Thread\TaskThread.h">
      <Filter>Header Files</Filter>
    </ClInclude>
    <ClInclude Include="Thread\TaskThreadPool.h">
      <Filter>Header Files</Filter>
    </ClInclude>
    <ClInclude Include="Thread\ThreadManager.h">
      <Filter>Header Files</Filter>
    </ClInclude>
    <ClInclude Include="Core\Renderer.h">
      <Filter>Header Files</Filter>
    </ClInclude>
    <ClInclude Include="Core\Scene.h">
      <Filter>Header Files</Filter>
    </ClInclude>
    <ClInclude Include="bvh\BvhTranslator.h">
      <Filter>Header Files</Filter>
    </ClInclude>
    <ClInclude Include="vendor\json.hpp">
      <Filter>Header Files</Filter>
    </ClInclude>
    <ClInclude Include="vendor\HDRLoader.h">
      <Filter>Header Files</Filter>
    </ClInclude>
    <ClInclude Include="vendor\tiny_gltf.h">
      <Filter>Header Files</Filter>
    </ClInclude>
    <ClInclude Include="vendor\GLBLoader.h">
      <Filter>Header Files</Filter>
    </ClInclude>
  </ItemGroup>
</Project>